
Microsoft Visual Studio Solution File, Format Version 12.00
# Visual Studio 2012
Project("{FAE04EC0-301F-11D3-BF4B-00C04F79EFBC}") = "Mvc4.Razor2", "Mvc4.Razor2\Mvc4.Razor2.csproj", "{8D7F9BC4-A43E-402E-ACAD-1584B4237CB6}"
EndProject
Project("{FAE04EC0-301F-11D3-BF4B-00C04F79EFBC}") = "Mvc4.Razor2.Tests", "Mvc4.Razor2.Tests\Mvc4.Razor2.Tests.csproj", "{FB8F5CD8-7C45-4802-92CD-B7546E25A2F3}"
EndProject
Project("{FAE04EC0-301F-11D3-BF4B-00C04F79EFBC}") = "Mvc4.Razor.PerformaceTests", "Mvc4.Razor.PerformaceTests\Mvc4.Razor.PerformaceTests.csproj", "{BDC790E6-0572-4617-9E42-7613C08F65A2}"
EndProject
Project("{2150E333-8FDC-42A3-9474-1A3956D46DE8}") = "Solution Items", "Solution Items", "{8054EB08-C95E-487B-BD95-23ED37EFBFD2}"
	ProjectSection(SolutionItems) = preProject
		Local.testsettings = Local.testsettings
	EndProjectSection
EndProject
Global
	GlobalSection(SolutionConfigurationPlatforms) = preSolution
		Debug|Any CPU = Debug|Any CPU
		Release|Any CPU = Release|Any CPU
	EndGlobalSection
	GlobalSection(ProjectConfigurationPlatforms) = postSolution
		{8D7F9BC4-A43E-402E-ACAD-1584B4237CB6}.Debug|Any CPU.ActiveCfg = Debug|Any CPU
		{8D7F9BC4-A43E-402E-ACAD-1584B4237CB6}.Debug|Any CPU.Build.0 = Debug|Any CPU
		{8D7F9BC4-A43E-402E-ACAD-1584B4237CB6}.Release|Any CPU.ActiveCfg = Release|Any CPU
		{8D7F9BC4-A43E-402E-ACAD-1584B4237CB6}.Release|Any CPU.Build.0 = Release|Any CPU
		{FB8F5CD8-7C45-4802-92CD-B7546E25A2F3}.Debug|Any CPU.ActiveCfg = Debug|Any CPU
		{FB8F5CD8-7C45-4802-92CD-B7546E25A2F3}.Debug|Any CPU.Build.0 = Debug|Any CPU
		{FB8F5CD8-7C45-4802-92CD-B7546E25A2F3}.Release|Any CPU.ActiveCfg = Release|Any CPU
		{FB8F5CD8-7C45-4802-92CD-B7546E25A2F3}.Release|Any CPU.Build.0 = Release|Any CPU
		{BDC790E6-0572-4617-9E42-7613C08F65A2}.Debug|Any CPU.ActiveCfg = Debug|Any CPU
		{BDC790E6-0572-4617-9E42-7613C08F65A2}.Debug|Any CPU.Build.0 = Debug|Any CPU
		{BDC790E6-0572-4617-9E42-7613C08F65A2}.Release|Any CPU.ActiveCfg = Release|Any CPU
		{BDC790E6-0572-4617-9E42-7613C08F65A2}.Release|Any CPU.Build.0 = Release|Any CPU
	EndGlobalSection
	GlobalSection(SolutionProperties) = preSolution
		HideSolutionNode = FALSE
	EndGlobalSection
EndGlobal
